
Microsoft Visual Studio Solution File, Format Version 12.00
# Visual Studio Version 17
VisualStudioVersion = 17.9.34622.214
MinimumVisualStudioVersion = 10.0.40219.1
Project("{9A19103F-16F7-4668-BE54-9A1E7A4F7556}") = "OtoGallery", "OtoGallery\OtoGallery.csproj", "{C482EB5C-EE2D-4C27-A303-9F2CF76E034F}"
EndProject
Project("{9A19103F-16F7-4668-BE54-9A1E7A4F7556}") = "Business", "Business\Business.csproj", "{48BABAB5-239A-47B3-B768-DF7EFF3C95FD}"
EndProject
Project("{9A19103F-16F7-4668-BE54-9A1E7A4F7556}") = "DataAccess", "DataAccess\DataAccess.csproj", "{B27A46B1-529E-4753-AFBC-832001DE756C}"
EndProject
Project("{9A19103F-16F7-4668-BE54-9A1E7A4F7556}") = "Core", "Core\Core.csproj", "{624C4DD6-ECDA-4CE8-AC79-6311F4387145}"
EndProject
Project("{9A19103F-16F7-4668-BE54-9A1E7A4F7556}") = "Entities", "Entity\Entities.csproj", "{54989BFE-8520-4FF0-A5A7-96D7E5480333}"
EndProject
Global
	GlobalSection(SolutionConfigurationPlatforms) = preSolution
		Debug|Any CPU = Debug|Any CPU
		Release|Any CPU = Release|Any CPU
	EndGlobalSection
	GlobalSection(ProjectConfigurationPlatforms) = postSolution
		{C482EB5C-EE2D-4C27-A303-9F2CF76E034F}.Debug|Any CPU.ActiveCfg = Debug|Any CPU
		{C482EB5C-EE2D-4C27-A303-9F2CF76E034F}.Debug|Any CPU.Build.0 = Debug|Any CPU
		{C482EB5C-EE2D-4C27-A303-9F2CF76E034F}.Release|Any CPU.ActiveCfg = Release|Any CPU
		{C482EB5C-EE2D-4C27-A303-9F2CF76E034F}.Release|Any CPU.Build.0 = Release|Any CPU
		{48BABAB5-239A-47B3-B768-DF7EFF3C95FD}.Debug|Any CPU.ActiveCfg = Debug|Any CPU
		{48BABAB5-239A-47B3-B768-DF7EFF3C95FD}.Debug|Any CPU.Build.0 = Debug|Any CPU
		{48BABAB5-239A-47B3-B768-DF7EFF3C95FD}.Release|Any CPU.ActiveCfg = Release|Any CPU
		{48BABAB5-239A-47B3-B768-DF7EFF3C95FD}.Release|Any CPU.Build.0 = Release|Any CPU
		{B27A46B1-529E-4753-AFBC-832001DE756C}.Debug|Any CPU.ActiveCfg = Debug|Any CPU
		{B27A46B1-529E-4753-AFBC-832001DE756C}.Debug|Any CPU.Build.0 = Debug|Any CPU
		{B27A46B1-529E-4753-AFBC-832001DE756C}.Release|Any CPU.ActiveCfg = Release|Any CPU
		{B27A46B1-529E-4753-AFBC-832001DE756C}.Release|Any CPU.Build.0 = Release|Any CPU
		{624C4DD6-ECDA-4CE8-AC79-6311F4387145}.Debug|Any CPU.ActiveCfg = Debug|Any CPU
		{624C4DD6-ECDA-4CE8-AC79-6311F4387145}.Debug|Any CPU.Build.0 = Debug|Any CPU
		{624C4DD6-ECDA-4CE8-AC79-6311F4387145}.Release|Any CPU.ActiveCfg = Release|Any CPU
		{624C4DD6-ECDA-4CE8-AC79-6311F4387145}.Release|Any CPU.Build.0 = Release|Any CPU
		{54989BFE-8520-4FF0-A5A7-96D7E5480333}.Debug|Any CPU.ActiveCfg = Debug|Any CPU
		{54989BFE-8520-4FF0-A5A7-96D7E5480333}.Debug|Any CPU.Build.0 = Debug|Any CPU
		{54989BFE-8520-4FF0-A5A7-96D7E5480333}.Release|Any CPU.ActiveCfg = Release|Any CPU
		{54989BFE-8520-4FF0-A5A7-96D7E5480333}.Release|Any CPU.Build.0 = Release|Any CPU
	EndGlobalSection
	GlobalSection(SolutionProperties) = preSolution
		HideSolutionNode = FALSE
	EndGlobalSection
	GlobalSection(ExtensibilityGlobals) = postSolution
		SolutionGuid = {5C15A8EA-1618-4E31-A285-243499DAB408}
	EndGlobalSection
EndGlobal
